// !$*UTF8*$!
{
	archiveVersion = 1;
	classes = {
	};
	objectVersion = 51;
	objects = {

/* Begin PBXBuildFile section */
		1F65587A15EBD4B46B86B0A1 /* Pods_Change_Jar.framework in Frameworks */ = {isa = PBXBuildFile; fileRef = 5370E97C33104724B49D5553 /* Pods_Change_Jar.framework */; };
		4E075EF722E3845F00827210 /* intro1.swift in Sources */ = {isa = PBXBuildFile; fileRef = 4E075EF622E3845F00827210 /* intro1.swift */; };
		4E075EF922E3848100827210 /* intro2.swift in Sources */ = {isa = PBXBuildFile; fileRef = 4E075EF822E3848100827210 /* intro2.swift */; };
		4E075EFB22E3849D00827210 /* intro3.swift in Sources */ = {isa = PBXBuildFile; fileRef = 4E075EFA22E3849D00827210 /* intro3.swift */; };
		4E075EFD22E3885700827210 /* home.swift in Sources */ = {isa = PBXBuildFile; fileRef = 4E075EFC22E3885700827210 /* home.swift */; };
		4E075F0122E38E2100827210 /* flickCoin.swift in Sources */ = {isa = PBXBuildFile; fileRef = 4E075F0022E38E2100827210 /* flickCoin.swift */; };
		4E075F0322E3A57A00827210 /* Assets.xcassets in Resources */ = {isa = PBXBuildFile; fileRef = 4E075F0222E3A57A00827210 /* Assets.xcassets */; };
		4E0C777522ECB76B00565BB7 /* 4778-coin.json in Resources */ = {isa = PBXBuildFile; fileRef = 4E0C777422ECB76A00565BB7 /* 4778-coin.json */; };
		4E371C7022F3C41100492CF0 /* Profile.storyboard in Resources */ = {isa = PBXBuildFile; fileRef = 4E371C6F22F3C41100492CF0 /* Profile.storyboard */; };
		4E371C7222F3C82C00492CF0 /* flickingCoins.swift in Sources */ = {isa = PBXBuildFile; fileRef = 4E371C7122F3C82C00492CF0 /* flickingCoins.swift */; };
		4E371C7422F60A0C00492CF0 /* QuipViewController.swift in Sources */ = {isa = PBXBuildFile; fileRef = 4E371C7322F60A0C00492CF0 /* QuipViewController.swift */; };
		4EB9E60622F2A759004AFBC8 /* Organizations.swift in Sources */ = {isa = PBXBuildFile; fileRef = 4EB9E60522F2A759004AFBC8 /* Organizations.swift */; };
		4EB9E60822F2A81E004AFBC8 /* Constants.swift in Sources */ = {isa = PBXBuildFile; fileRef = 4EB9E60722F2A81E004AFBC8 /* Constants.swift */; };
		4EB9E60A22F2A8CB004AFBC8 /* OrganizationsViewController.swift in Sources */ = {isa = PBXBuildFile; fileRef = 4EB9E60922F2A8CB004AFBC8 /* OrganizationsViewController.swift */; };
		6F1F72F0F3973EC987496F77 /* Pods_Change_JarUITests.framework in Frameworks */ = {isa = PBXBuildFile; fileRef = 04DD4ADAB75243A2B499C946 /* Pods_Change_JarUITests.framework */; };
		DBF2A6F1ED26EB6DB237C0A2 /* Pods_Change_JarTests.framework in Frameworks */ = {isa = PBXBuildFile; fileRef = 198AD896A7AEFED55F2B492B /* Pods_Change_JarTests.framework */; };
		FB7B23AE22D5ABBF00703CD1 /* AppDelegate.swift in Sources */ = {isa = PBXBuildFile; fileRef = FB7B23AD22D5ABBF00703CD1 /* AppDelegate.swift */; };
		FB7B23B322D5ABBF00703CD1 /* Main.storyboard in Resources */ = {isa = PBXBuildFile; fileRef = FB7B23B122D5ABBF00703CD1 /* Main.storyboard */; };
		FB7B23B822D5ABC000703CD1 /* LaunchScreen.storyboard in Resources */ = {isa = PBXBuildFile; fileRef = FB7B23B622D5ABC000703CD1 /* LaunchScreen.storyboard */; };
		FB7B23C322D5ABC000703CD1 /* Change_JarTests.swift in Sources */ = {isa = PBXBuildFile; fileRef = FB7B23C222D5ABC000703CD1 /* Change_JarTests.swift */; };
		FB7B23CE22D5ABC000703CD1 /* Change_JarUITests.swift in Sources */ = {isa = PBXBuildFile; fileRef = FB7B23CD22D5ABC000703CD1 /* Change_JarUITests.swift */; };
/* End PBXBuildFile section */

/* Begin PBXContainerItemProxy section */
		FB7B23BF22D5ABC000703CD1 /* PBXContainerItemProxy */ = {
			isa = PBXContainerItemProxy;
			containerPortal = FB7B23A222D5ABBF00703CD1 /* Project object */;
			proxyType = 1;
			remoteGlobalIDString = FB7B23A922D5ABBF00703CD1;
			remoteInfo = "Change Jar";
		};
		FB7B23CA22D5ABC000703CD1 /* PBXContainerItemProxy */ = {
			isa = PBXContainerItemProxy;
			containerPortal = FB7B23A222D5ABBF00703CD1 /* Project object */;
			proxyType = 1;
			remoteGlobalIDString = FB7B23A922D5ABBF00703CD1;
			remoteInfo = "Change Jar";
		};
/* End PBXContainerItemProxy section */

/* Begin PBXFileReference section */
		04DD4ADAB75243A2B499C946 /* Pods_Change_JarUITests.framework */ = {isa = PBXFileReference; explicitFileType = wrapper.framework; includeInIndex = 0; path = Pods_Change_JarUITests.framework; sourceTree = BUILT_PRODUCTS_DIR; };
		198AD896A7AEFED55F2B492B /* Pods_Change_JarTests.framework */ = {isa = PBXFileReference; explicitFileType = wrapper.framework; includeInIndex = 0; path = Pods_Change_JarTests.framework; sourceTree = BUILT_PRODUCTS_DIR; };
		4E075EF622E3845F00827210 /* intro1.swift */ = {isa = PBXFileReference; lastKnownFileType = sourcecode.swift; path = intro1.swift; sourceTree = "<group>"; };
		4E075EF822E3848100827210 /* intro2.swift */ = {isa = PBXFileReference; lastKnownFileType = sourcecode.swift; path = intro2.swift; sourceTree = "<group>"; };
		4E075EFA22E3849D00827210 /* intro3.swift */ = {isa = PBXFileReference; lastKnownFileType = sourcecode.swift; path = intro3.swift; sourceTree = "<group>"; };
		4E075EFC22E3885700827210 /* home.swift */ = {isa = PBXFileReference; lastKnownFileType = sourcecode.swift; path = home.swift; sourceTree = "<group>"; };
		4E075F0022E38E2100827210 /* flickCoin.swift */ = {isa = PBXFileReference; lastKnownFileType = sourcecode.swift; path = flickCoin.swift; sourceTree = "<group>"; };
		4E075F0222E3A57A00827210 /* Assets.xcassets */ = {isa = PBXFileReference; lastKnownFileType = folder.assetcatalog; path = Assets.xcassets; sourceTree = "<group>"; };
		4E0C777422ECB76A00565BB7 /* 4778-coin.json */ = {isa = PBXFileReference; fileEncoding = 4; lastKnownFileType = text.json; name = "4778-coin.json"; path = "Assets.xcassets/4778-coin.json"; sourceTree = "<group>"; };
		4E371C6F22F3C41100492CF0 /* Profile.storyboard */ = {isa = PBXFileReference; lastKnownFileType = file.storyboard; path = Profile.storyboard; sourceTree = "<group>"; };
		4E371C7122F3C82C00492CF0 /* flickingCoins.swift */ = {isa = PBXFileReference; lastKnownFileType = sourcecode.swift; path = flickingCoins.swift; sourceTree = "<group>"; };
		4E371C7322F60A0C00492CF0 /* QuipViewController.swift */ = {isa = PBXFileReference; lastKnownFileType = sourcecode.swift; path = QuipViewController.swift; sourceTree = "<group>"; };
		4EB9E60522F2A759004AFBC8 /* Organizations.swift */ = {isa = PBXFileReference; lastKnownFileType = sourcecode.swift; path = Organizations.swift; sourceTree = "<group>"; };
		4EB9E60722F2A81E004AFBC8 /* Constants.swift */ = {isa = PBXFileReference; lastKnownFileType = sourcecode.swift; path = Constants.swift; sourceTree = "<group>"; };
		4EB9E60922F2A8CB004AFBC8 /* OrganizationsViewController.swift */ = {isa = PBXFileReference; lastKnownFileType = sourcecode.swift; path = OrganizationsViewController.swift; sourceTree = "<group>"; };
		51760D2BE24EDB99CA257A51 /* Pods-Change JarUITests.debug.xcconfig */ = {isa = PBXFileReference; includeInIndex = 1; lastKnownFileType = text.xcconfig; name = "Pods-Change JarUITests.debug.xcconfig"; path = "Target Support Files/Pods-Change JarUITests/Pods-Change JarUITests.debug.xcconfig"; sourceTree = "<group>"; };
		5370E97C33104724B49D5553 /* Pods_Change_Jar.framework */ = {isa = PBXFileReference; explicitFileType = wrapper.framework; includeInIndex = 0; path = Pods_Change_Jar.framework; sourceTree = BUILT_PRODUCTS_DIR; };
		69207E3E1FF8D032E22E34BE /* Pods-Change Jar.release.xcconfig */ = {isa = PBXFileReference; includeInIndex = 1; lastKnownFileType = text.xcconfig; name = "Pods-Change Jar.release.xcconfig"; path = "Target Support Files/Pods-Change Jar/Pods-Change Jar.release.xcconfig"; sourceTree = "<group>"; };
		9704E9D53D50A51CE05D196A /* Pods-Change JarUITests.release.xcconfig */ = {isa = PBXFileReference; includeInIndex = 1; lastKnownFileType = text.xcconfig; name = "Pods-Change JarUITests.release.xcconfig"; path = "Target Support Files/Pods-Change JarUITests/Pods-Change JarUITests.release.xcconfig"; sourceTree = "<group>"; };
		9C5A70A1A277B860C0395E90 /* Pods-Change Jar.debug.xcconfig */ = {isa = PBXFileReference; includeInIndex = 1; lastKnownFileType = text.xcconfig; name = "Pods-Change Jar.debug.xcconfig"; path = "Target Support Files/Pods-Change Jar/Pods-Change Jar.debug.xcconfig"; sourceTree = "<group>"; };
		A38187F08BCB7A23D2FE799F /* Pods-Change JarTests.release.xcconfig */ = {isa = PBXFileReference; includeInIndex = 1; lastKnownFileType = text.xcconfig; name = "Pods-Change JarTests.release.xcconfig"; path = "Target Support Files/Pods-Change JarTests/Pods-Change JarTests.release.xcconfig"; sourceTree = "<group>"; };
		B7D67E2ABC9A0665807B9D51 /* Pods-Change JarTests.debug.xcconfig */ = {isa = PBXFileReference; includeInIndex = 1; lastKnownFileType = text.xcconfig; name = "Pods-Change JarTests.debug.xcconfig"; path = "Target Support Files/Pods-Change JarTests/Pods-Change JarTests.debug.xcconfig"; sourceTree = "<group>"; };
		FB7B23AA22D5ABBF00703CD1 /* Change Jar.app */ = {isa = PBXFileReference; explicitFileType = wrapper.application; includeInIndex = 0; path = "Change Jar.app"; sourceTree = BUILT_PRODUCTS_DIR; };
		FB7B23AD22D5ABBF00703CD1 /* AppDelegate.swift */ = {isa = PBXFileReference; lastKnownFileType = sourcecode.swift; path = AppDelegate.swift; sourceTree = "<group>"; };
		FB7B23B222D5ABBF00703CD1 /* Base */ = {isa = PBXFileReference; lastKnownFileType = file.storyboard; name = Base; path = Base.lproj/Main.storyboard; sourceTree = "<group>"; };
		FB7B23B722D5ABC000703CD1 /* Base */ = {isa = PBXFileReference; lastKnownFileType = file.storyboard; name = Base; path = Base.lproj/LaunchScreen.storyboard; sourceTree = "<group>"; };
		FB7B23B922D5ABC000703CD1 /* Info.plist */ = {isa = PBXFileReference; lastKnownFileType = text.plist.xml; path = Info.plist; sourceTree = "<group>"; };
		FB7B23BE22D5ABC000703CD1 /* Change JarTests.xctest */ = {isa = PBXFileReference; explicitFileType = wrapper.cfbundle; includeInIndex = 0; path = "Change JarTests.xctest"; sourceTree = BUILT_PRODUCTS_DIR; };
		FB7B23C222D5ABC000703CD1 /* Change_JarTests.swift */ = {isa = PBXFileReference; lastKnownFileType = sourcecode.swift; path = Change_JarTests.swift; sourceTree = "<group>"; };
		FB7B23C422D5ABC000703CD1 /* Info.plist */ = {isa = PBXFileReference; lastKnownFileType = text.plist.xml; path = Info.plist; sourceTree = "<group>"; };
		FB7B23C922D5ABC000703CD1 /* Change JarUITests.xctest */ = {isa = PBXFileReference; explicitFileType = wrapper.cfbundle; includeInIndex = 0; path = "Change JarUITests.xctest"; sourceTree = BUILT_PRODUCTS_DIR; };
		FB7B23CD22D5ABC000703CD1 /* Change_JarUITests.swift */ = {isa = PBXFileReference; lastKnownFileType = sourcecode.swift; path = Change_JarUITests.swift; sourceTree = "<group>"; };
		FB7B23CF22D5ABC000703CD1 /* Info.plist */ = {isa = PBXFileReference; lastKnownFileType = text.plist.xml; path = Info.plist; sourceTree = "<group>"; };
/* End PBXFileReference section */

/* Begin PBXFrameworksBuildPhase section */
		FB7B23A722D5ABBF00703CD1 /* Frameworks */ = {
			isa = PBXFrameworksBuildPhase;
			buildActionMask = 2147483647;
			files = (
				1F65587A15EBD4B46B86B0A1 /* Pods_Change_Jar.framework in Frameworks */,
			);
			runOnlyForDeploymentPostprocessing = 0;
		};
		FB7B23BB22D5ABC000703CD1 /* Frameworks */ = {
			isa = PBXFrameworksBuildPhase;
			buildActionMask = 2147483647;
			files = (
				DBF2A6F1ED26EB6DB237C0A2 /* Pods_Change_JarTests.framework in Frameworks */,
			);
			runOnlyForDeploymentPostprocessing = 0;
		};
		FB7B23C622D5ABC000703CD1 /* Frameworks */ = {
			isa = PBXFrameworksBuildPhase;
			buildActionMask = 2147483647;
			files = (
				6F1F72F0F3973EC987496F77 /* Pods_Change_JarUITests.framework in Frameworks */,
			);
			runOnlyForDeploymentPostprocessing = 0;
		};
/* End PBXFrameworksBuildPhase section */

/* Begin PBXGroup section */
		4EB9E60422F2A6FB004AFBC8 /* Models */ = {
			isa = PBXGroup;
			children = (
				4EB9E60522F2A759004AFBC8 /* Organizations.swift */,
				4EB9E60722F2A81E004AFBC8 /* Constants.swift */,
			);
			name = Models;
			path = ..;
			sourceTree = "<group>";
		};
		6F0D51B1256AF81A0780E59D /* Frameworks */ = {
			isa = PBXGroup;
			children = (
				5370E97C33104724B49D5553 /* Pods_Change_Jar.framework */,
				198AD896A7AEFED55F2B492B /* Pods_Change_JarTests.framework */,
				04DD4ADAB75243A2B499C946 /* Pods_Change_JarUITests.framework */,
			);
			name = Frameworks;
			sourceTree = "<group>";
		};
		BA28C0F8B00C915D952623C5 /* Pods */ = {
			isa = PBXGroup;
			children = (
				9C5A70A1A277B860C0395E90 /* Pods-Change Jar.debug.xcconfig */,
				69207E3E1FF8D032E22E34BE /* Pods-Change Jar.release.xcconfig */,
				B7D67E2ABC9A0665807B9D51 /* Pods-Change JarTests.debug.xcconfig */,
				A38187F08BCB7A23D2FE799F /* Pods-Change JarTests.release.xcconfig */,
				51760D2BE24EDB99CA257A51 /* Pods-Change JarUITests.debug.xcconfig */,
				9704E9D53D50A51CE05D196A /* Pods-Change JarUITests.release.xcconfig */,
			);
			path = Pods;
			sourceTree = "<group>";
		};
		FB7B23A122D5ABBF00703CD1 = {
			isa = PBXGroup;
			children = (
				FB7B23AC22D5ABBF00703CD1 /* Change Jar */,
				FB7B23C122D5ABC000703CD1 /* Change JarTests */,
				FB7B23CC22D5ABC000703CD1 /* Change JarUITests */,
				FB7B23AB22D5ABBF00703CD1 /* Products */,
				BA28C0F8B00C915D952623C5 /* Pods */,
				6F0D51B1256AF81A0780E59D /* Frameworks */,
			);
			sourceTree = "<group>";
		};
		FB7B23AB22D5ABBF00703CD1 /* Products */ = {
			isa = PBXGroup;
			children = (
				FB7B23AA22D5ABBF00703CD1 /* Change Jar.app */,
				FB7B23BE22D5ABC000703CD1 /* Change JarTests.xctest */,
				FB7B23C922D5ABC000703CD1 /* Change JarUITests.xctest */,
			);
			name = Products;
			sourceTree = "<group>";
		};
		FB7B23AC22D5ABBF00703CD1 /* Change Jar */ = {
			isa = PBXGroup;
			children = (
				4EB9E60422F2A6FB004AFBC8 /* Models */,
				4E075EFC22E3885700827210 /* home.swift */,
				FB7B23AD22D5ABBF00703CD1 /* AppDelegate.swift */,
				4E075EF622E3845F00827210 /* intro1.swift */,
				4E075EF822E3848100827210 /* intro2.swift */,
				4EB9E60922F2A8CB004AFBC8 /* OrganizationsViewController.swift */,
				4E075EFA22E3849D00827210 /* intro3.swift */,
				FB7B23B122D5ABBF00703CD1 /* Main.storyboard */,
				4E371C7122F3C82C00492CF0 /* flickingCoins.swift */,
				4E371C7322F60A0C00492CF0 /* QuipViewController.swift */,
				4E371C6F22F3C41100492CF0 /* Profile.storyboard */,
				4E0C777422ECB76A00565BB7 /* 4778-coin.json */,
				4E075F0222E3A57A00827210 /* Assets.xcassets */,
				4E075F0022E38E2100827210 /* flickCoin.swift */,
				FB7B23B622D5ABC000703CD1 /* LaunchScreen.storyboard */,
				FB7B23B922D5ABC000703CD1 /* Info.plist */,
			);
			path = "Change Jar";
			sourceTree = "<group>";
		};
		FB7B23C122D5ABC000703CD1 /* Change JarTests */ = {
			isa = PBXGroup;
			children = (
				FB7B23C222D5ABC000703CD1 /* Change_JarTests.swift */,
				FB7B23C422D5ABC000703CD1 /* Info.plist */,
			);
			path = "Change JarTests";
			sourceTree = "<group>";
		};
		FB7B23CC22D5ABC000703CD1 /* Change JarUITests */ = {
			isa = PBXGroup;
			children = (
				FB7B23CD22D5ABC000703CD1 /* Change_JarUITests.swift */,
				FB7B23CF22D5ABC000703CD1 /* Info.plist */,
			);
			path = "Change JarUITests";
			sourceTree = "<group>";
		};
/* End PBXGroup section */

/* Begin PBXNativeTarget section */
		FB7B23A922D5ABBF00703CD1 /* Change Jar */ = {
			isa = PBXNativeTarget;
			buildConfigurationList = FB7B23D222D5ABC000703CD1 /* Build configuration list for PBXNativeTarget "Change Jar" */;
			buildPhases = (
				1E5782266AD12F597B75ACEB /* [CP] Check Pods Manifest.lock */,
				FB7B23A622D5ABBF00703CD1 /* Sources */,
				FB7B23A722D5ABBF00703CD1 /* Frameworks */,
				FB7B23A822D5ABBF00703CD1 /* Resources */,
				AB673F39AEEAE0E104AA65B0 /* [CP] Embed Pods Frameworks */,
			);
			buildRules = (
			);
			dependencies = (
			);
			name = "Change Jar";
			productName = "Change Jar";
			productReference = FB7B23AA22D5ABBF00703CD1 /* Change Jar.app */;
			productType = "com.apple.product-type.application";
		};
		FB7B23BD22D5ABC000703CD1 /* Change JarTests */ = {
			isa = PBXNativeTarget;
			buildConfigurationList = FB7B23D522D5ABC000703CD1 /* Build configuration list for PBXNativeTarget "Change JarTests" */;
			buildPhases = (
				3318F23297A366FF42BF398E /* [CP] Check Pods Manifest.lock */,
				FB7B23BA22D5ABC000703CD1 /* Sources */,
				FB7B23BB22D5ABC000703CD1 /* Frameworks */,
				FB7B23BC22D5ABC000703CD1 /* Resources */,
			);
			buildRules = (
			);
			dependencies = (
				FB7B23C022D5ABC000703CD1 /* PBXTargetDependency */,
			);
			name = "Change JarTests";
			productName = "Change JarTests";
			productReference = FB7B23BE22D5ABC000703CD1 /* Change JarTests.xctest */;
			productType = "com.apple.product-type.bundle.unit-test";
		};
		FB7B23C822D5ABC000703CD1 /* Change JarUITests */ = {
			isa = PBXNativeTarget;
			buildConfigurationList = FB7B23D822D5ABC000703CD1 /* Build configuration list for PBXNativeTarget "Change JarUITests" */;
			buildPhases = (
				7B68E6032FD98145CA60FFCA /* [CP] Check Pods Manifest.lock */,
				FB7B23C522D5ABC000703CD1 /* Sources */,
				FB7B23C622D5ABC000703CD1 /* Frameworks */,
				FB7B23C722D5ABC000703CD1 /* Resources */,
			);
			buildRules = (
			);
			dependencies = (
				FB7B23CB22D5ABC000703CD1 /* PBXTargetDependency */,
			);
			name = "Change JarUITests";
			productName = "Change JarUITests";
			productReference = FB7B23C922D5ABC000703CD1 /* Change JarUITests.xctest */;
			productType = "com.apple.product-type.bundle.ui-testing";
		};
/* End PBXNativeTarget section */

/* Begin PBXProject section */
		FB7B23A222D5ABBF00703CD1 /* Project object */ = {
			isa = PBXProject;
			attributes = {
				LastSwiftUpdateCheck = 1020;
				LastUpgradeCheck = 1020;
				ORGANIZATIONNAME = "Chirasree Mandal";
				TargetAttributes = {
					FB7B23A922D5ABBF00703CD1 = {
						CreatedOnToolsVersion = 10.2.1;
					};
					FB7B23BD22D5ABC000703CD1 = {
						CreatedOnToolsVersion = 10.2.1;
						TestTargetID = FB7B23A922D5ABBF00703CD1;
					};
					FB7B23C822D5ABC000703CD1 = {
						CreatedOnToolsVersion = 10.2.1;
						TestTargetID = FB7B23A922D5ABBF00703CD1;
					};
				};
			};
			buildConfigurationList = FB7B23A522D5ABBF00703CD1 /* Build configuration list for PBXProject "Change Jar" */;
			compatibilityVersion = "Xcode 9.3";
			developmentRegion = en;
			hasScannedForEncodings = 0;
			knownRegions = (
				en,
				Base,
			);
			mainGroup = FB7B23A122D5ABBF00703CD1;
			productRefGroup = FB7B23AB22D5ABBF00703CD1 /* Products */;
			projectDirPath = "";
			projectRoot = "";
			targets = (
				FB7B23A922D5ABBF00703CD1 /* Change Jar */,
				FB7B23BD22D5ABC000703CD1 /* Change JarTests */,
				FB7B23C822D5ABC000703CD1 /* Change JarUITests */,
			);
		};
/* End PBXProject section */

/* Begin PBXResourcesBuildPhase section */
		FB7B23A822D5ABBF00703CD1 /* Resources */ = {
			isa = PBXResourcesBuildPhase;
			buildActionMask = 2147483647;
			files = (
				FB7B23B822D5ABC000703CD1 /* LaunchScreen.storyboard in Resources */,
				4E075F0322E3A57A00827210 /* Assets.xcassets in Resources */,
				4E371C7022F3C41100492CF0 /* Profile.storyboard in Resources */,
				4E0C777522ECB76B00565BB7 /* 4778-coin.json in Resources */,
				FB7B23B322D5ABBF00703CD1 /* Main.storyboard in Resources */,
			);
			runOnlyForDeploymentPostprocessing = 0;
		};
		FB7B23BC22D5ABC000703CD1 /* Resources */ = {
			isa = PBXResourcesBuildPhase;
			buildActionMask = 2147483647;
			files = (
			);
			runOnlyForDeploymentPostprocessing = 0;
		};
		FB7B23C722D5ABC000703CD1 /* Resources */ = {
			isa = PBXResourcesBuildPhase;
			buildActionMask = 2147483647;
			files = (
			);
			runOnlyForDeploymentPostprocessing = 0;
		};
/* End PBXResourcesBuildPhase section */

/* Begin PBXShellScriptBuildPhase section */
		1E5782266AD12F597B75ACEB /* [CP] Check Pods Manifest.lock */ = {
			isa = PBXShellScriptBuildPhase;
			buildActionMask = 2147483647;
			files = (
			);
			inputFileListPaths = (
			);
			inputPaths = (
				"${PODS_PODFILE_DIR_PATH}/Podfile.lock",
				"${PODS_ROOT}/Manifest.lock",
			);
			name = "[CP] Check Pods Manifest.lock";
			outputFileListPaths = (
			);
			outputPaths = (
				"$(DERIVED_FILE_DIR)/Pods-Change Jar-checkManifestLockResult.txt",
			);
			runOnlyForDeploymentPostprocessing = 0;
			shellPath = /bin/sh;
			shellScript = "diff \"${PODS_PODFILE_DIR_PATH}/Podfile.lock\" \"${PODS_ROOT}/Manifest.lock\" > /dev/null\nif [ $? != 0 ] ; then\n    # print error to STDERR\n    echo \"error: The sandbox is not in sync with the Podfile.lock. Run 'pod install' or update your CocoaPods installation.\" >&2\n    exit 1\nfi\n# This output is used by Xcode 'outputs' to avoid re-running this script phase.\necho \"SUCCESS\" > \"${SCRIPT_OUTPUT_FILE_0}\"\n";
			showEnvVarsInLog = 0;
		};
		3318F23297A366FF42BF398E /* [CP] Check Pods Manifest.lock */ = {
			isa = PBXShellScriptBuildPhase;
			buildActionMask = 2147483647;
			files = (
			);
			inputFileListPaths = (
			);
			inputPaths = (
				"${PODS_PODFILE_DIR_PATH}/Podfile.lock",
				"${PODS_ROOT}/Manifest.lock",
			);
			name = "[CP] Check Pods Manifest.lock";
			outputFileListPaths = (
			);
			outputPaths = (
				"$(DERIVED_FILE_DIR)/Pods-Change JarTests-checkManifestLockResult.txt",
			);
			runOnlyForDeploymentPostprocessing = 0;
			shellPath = /bin/sh;
			shellScript = "diff \"${PODS_PODFILE_DIR_PATH}/Podfile.lock\" \"${PODS_ROOT}/Manifest.lock\" > /dev/null\nif [ $? != 0 ] ; then\n    # print error to STDERR\n    echo \"error: The sandbox is not in sync with the Podfile.lock. Run 'pod install' or update your CocoaPods installation.\" >&2\n    exit 1\nfi\n# This output is used by Xcode 'outputs' to avoid re-running this script phase.\necho \"SUCCESS\" > \"${SCRIPT_OUTPUT_FILE_0}\"\n";
			showEnvVarsInLog = 0;
		};
		7B68E6032FD98145CA60FFCA /* [CP] Check Pods Manifest.lock */ = {
			isa = PBXShellScriptBuildPhase;
			buildActionMask = 2147483647;
			files = (
			);
			inputFileListPaths = (
			);
			inputPaths = (
				"${PODS_PODFILE_DIR_PATH}/Podfile.lock",
				"${PODS_ROOT}/Manifest.lock",
			);
			name = "[CP] Check Pods Manifest.lock";
			outputFileListPaths = (
			);
			outputPaths = (
				"$(DERIVED_FILE_DIR)/Pods-Change JarUITests-checkManifestLockResult.txt",
			);
			runOnlyForDeploymentPostprocessing = 0;
			shellPath = /bin/sh;
			shellScript = "diff \"${PODS_PODFILE_DIR_PATH}/Podfile.lock\" \"${PODS_ROOT}/Manifest.lock\" > /dev/null\nif [ $? != 0 ] ; then\n    # print error to STDERR\n    echo \"error: The sandbox is not in sync with the Podfile.lock. Run 'pod install' or update your CocoaPods installation.\" >&2\n    exit 1\nfi\n# This output is used by Xcode 'outputs' to avoid re-running this script phase.\necho \"SUCCESS\" > \"${SCRIPT_OUTPUT_FILE_0}\"\n";
			showEnvVarsInLog = 0;
		};
		AB673F39AEEAE0E104AA65B0 /* [CP] Embed Pods Frameworks */ = {
			isa = PBXShellScriptBuildPhase;
			buildActionMask = 2147483647;
			files = (
			);
			inputFileListPaths = (
				"${PODS_ROOT}/Target Support Files/Pods-Change Jar/Pods-Change Jar-frameworks-${CONFIGURATION}-input-files.xcfilelist",
			);
			name = "[CP] Embed Pods Frameworks";
			outputFileListPaths = (
				"${PODS_ROOT}/Target Support Files/Pods-Change Jar/Pods-Change Jar-frameworks-${CONFIGURATION}-output-files.xcfilelist",
			);
			runOnlyForDeploymentPostprocessing = 0;
			shellPath = /bin/sh;
			shellScript = "\"${PODS_ROOT}/Target Support Files/Pods-Change Jar/Pods-Change Jar-frameworks.sh\"\n";
			showEnvVarsInLog = 0;
		};
/* End PBXShellScriptBuildPhase section */

/* Begin PBXSourcesBuildPhase section */
		FB7B23A622D5ABBF00703CD1 /* Sources */ = {
			isa = PBXSourcesBuildPhase;
			buildActionMask = 2147483647;
			files = (
				4E075EF922E3848100827210 /* intro2.swift in Sources */,
				4E371C7222F3C82C00492CF0 /* flickingCoins.swift in Sources */,
				4E371C7422F60A0C00492CF0 /* QuipViewController.swift in Sources */,
				FB7B23AE22D5ABBF00703CD1 /* AppDelegate.swift in Sources */,
				4EB9E60622F2A759004AFBC8 /* Organizations.swift in Sources */,
				4E075EF722E3845F00827210 /* intro1.swift in Sources */,
				4E075EFD22E3885700827210 /* home.swift in Sources */,
				4E075F0122E38E2100827210 /* flickCoin.swift in Sources */,
				4E075EFB22E3849D00827210 /* intro3.swift in Sources */,
				4EB9E60A22F2A8CB004AFBC8 /* OrganizationsViewController.swift in Sources */,
				4EB9E60822F2A81E004AFBC8 /* Constants.swift in Sources */,
			);
			runOnlyForDeploymentPostprocessing = 0;
		};
		FB7B23BA22D5ABC000703CD1 /* Sources */ = {
			isa = PBXSourcesBuildPhase;
			buildActionMask = 2147483647;
			files = (
				FB7B23C322D5ABC000703CD1 /* Change_JarTests.swift in Sources */,
			);
			runOnlyForDeploymentPostprocessing = 0;
		};
		FB7B23C522D5ABC000703CD1 /* Sources */ = {
			isa = PBXSourcesBuildPhase;
			buildActionMask = 2147483647;
			files = (
				FB7B23CE22D5ABC000703CD1 /* Change_JarUITests.swift in Sources */,
			);
			runOnlyForDeploymentPostprocessing = 0;
		};
/* End PBXSourcesBuildPhase section */

/* Begin PBXTargetDependency section */
		FB7B23C022D5ABC000703CD1 /* PBXTargetDependency */ = {
			isa = PBXTargetDependency;
			target = FB7B23A922D5ABBF00703CD1 /* Change Jar */;
			targetProxy = FB7B23BF22D5ABC000703CD1 /* PBXContainerItemProxy */;
		};
		FB7B23CB22D5ABC000703CD1 /* PBXTargetDependency */ = {
			isa = PBXTargetDependency;
			target = FB7B23A922D5ABBF00703CD1 /* Change Jar */;
			targetProxy = FB7B23CA22D5ABC000703CD1 /* PBXContainerItemProxy */;
		};
/* End PBXTargetDependency section */

/* Begin PBXVariantGroup section */
		FB7B23B122D5ABBF00703CD1 /* Main.storyboard */ = {
			isa = PBXVariantGroup;
			children = (
				FB7B23B222D5ABBF00703CD1 /* Base */,
			);
			name = Main.storyboard;
			sourceTree = "<group>";
		};
		FB7B23B622D5ABC000703CD1 /* LaunchScreen.storyboard */ = {
			isa = PBXVariantGroup;
			children = (
				FB7B23B722D5ABC000703CD1 /* Base */,
			);
			name = LaunchScreen.storyboard;
			sourceTree = "<group>";
		};
/* End PBXVariantGroup section */

/* Begin XCBuildConfiguration section */
		FB7B23D022D5ABC000703CD1 /* Debug */ = {
			isa = XCBuildConfiguration;
			buildSettings = {
				ALWAYS_SEARCH_USER_PATHS = NO;
				CLANG_ANALYZER_NONNULL = YES;
				CLANG_ANALYZER_NUMBER_OBJECT_CONVERSION = YES_AGGRESSIVE;
				CLANG_CXX_LANGUAGE_STANDARD = "gnu++14";
				CLANG_CXX_LIBRARY = "libc++";
				CLANG_ENABLE_MODULES = YES;
				CLANG_ENABLE_OBJC_ARC = YES;
				CLANG_ENABLE_OBJC_WEAK = YES;
				CLANG_WARN_BLOCK_CAPTURE_AUTORELEASING = YES;
				CLANG_WARN_BOOL_CONVERSION = YES;
				CLANG_WARN_COMMA = YES;
				CLANG_WARN_CONSTANT_CONVERSION = YES;
				CLANG_WARN_DEPRECATED_OBJC_IMPLEMENTATIONS = YES;
				CLANG_WARN_DIRECT_OBJC_ISA_USAGE = YES_ERROR;
				CLANG_WARN_DOCUMENTATION_COMMENTS = YES;
				CLANG_WARN_EMPTY_BODY = YES;
				CLANG_WARN_ENUM_CONVERSION = YES;
				CLANG_WARN_INFINITE_RECURSION = YES;
				CLANG_WARN_INT_CONVERSION = YES;
				CLANG_WARN_NON_LITERAL_NULL_CONVERSION = YES;
				CLANG_WARN_OBJC_IMPLICIT_RETAIN_SELF = YES;
				CLANG_WARN_OBJC_LITERAL_CONVERSION = YES;
				CLANG_WARN_OBJC_ROOT_CLASS = YES_ERROR;
				CLANG_WARN_RANGE_LOOP_ANALYSIS = YES;
				CLANG_WARN_STRICT_PROTOTYPES = YES;
				CLANG_WARN_SUSPICIOUS_MOVE = YES;
				CLANG_WARN_UNGUARDED_AVAILABILITY = YES_AGGRESSIVE;
				CLANG_WARN_UNREACHABLE_CODE = YES;
				CLANG_WARN__DUPLICATE_METHOD_MATCH = YES;
				CODE_SIGN_IDENTITY = "iPhone Developer";
				COPY_PHASE_STRIP = NO;
				DEBUG_INFORMATION_FORMAT = dwarf;
				ENABLE_STRICT_OBJC_MSGSEND = YES;
				ENABLE_TESTABILITY = YES;
				GCC_C_LANGUAGE_STANDARD = gnu11;
				GCC_DYNAMIC_NO_PIC = NO;
				GCC_NO_COMMON_BLOCKS = YES;
				GCC_OPTIMIZATION_LEVEL = 0;
				GCC_PREPROCESSOR_DEFINITIONS = (
					"DEBUG=1",
					"$(inherited)",
				);
				GCC_WARN_64_TO_32_BIT_CONVERSION = YES;
				GCC_WARN_ABOUT_RETURN_TYPE = YES_ERROR;
				GCC_WARN_UNDECLARED_SELECTOR = YES;
				GCC_WARN_UNINITIALIZED_AUTOS = YES_AGGRESSIVE;
				GCC_WARN_UNUSED_FUNCTION = YES;
				GCC_WARN_UNUSED_VARIABLE = YES;
				IPHONEOS_DEPLOYMENT_TARGET = 12.2;
				MTL_ENABLE_DEBUG_INFO = INCLUDE_SOURCE;
				MTL_FAST_MATH = YES;
				ONLY_ACTIVE_ARCH = YES;
				SDKROOT = iphoneos;
				SWIFT_ACTIVE_COMPILATION_CONDITIONS = DEBUG;
				SWIFT_OPTIMIZATION_LEVEL = "-Onone";
			};
			name = Debug;
		};
		FB7B23D122D5ABC000703CD1 /* Release */ = {
			isa = XCBuildConfiguration;
			buildSettings = {
				ALWAYS_SEARCH_USER_PATHS = NO;
				CLANG_ANALYZER_NONNULL = YES;
				CLANG_ANALYZER_NUMBER_OBJECT_CONVERSION = YES_AGGRESSIVE;
				CLANG_CXX_LANGUAGE_STANDARD = "gnu++14";
				CLANG_CXX_LIBRARY = "libc++";
				CLANG_ENABLE_MODULES = YES;
				CLANG_ENABLE_OBJC_ARC = YES;
				CLANG_ENABLE_OBJC_WEAK = YES;
				CLANG_WARN_BLOCK_CAPTURE_AUTORELEASING = YES;
				CLANG_WARN_BOOL_CONVERSION = YES;
				CLANG_WARN_COMMA = YES;
				CLANG_WARN_CONSTANT_CONVERSION = YES;
				CLANG_WARN_DEPRECATED_OBJC_IMPLEMENTATIONS = YES;
				CLANG_WARN_DIRECT_OBJC_ISA_USAGE = YES_ERROR;
				CLANG_WARN_DOCUMENTATION_COMMENTS = YES;
				CLANG_WARN_EMPTY_BODY = YES;
				CLANG_WARN_ENUM_CONVERSION = YES;
				CLANG_WARN_INFINITE_RECURSION = YES;
				CLANG_WARN_INT_CONVERSION = YES;
				CLANG_WARN_NON_LITERAL_NULL_CONVERSION = YES;
				CLANG_WARN_OBJC_IMPLICIT_RETAIN_SELF = YES;
				CLANG_WARN_OBJC_LITERAL_CONVERSION = YES;
				CLANG_WARN_OBJC_ROOT_CLASS = YES_ERROR;
				CLANG_WARN_RANGE_LOOP_ANALYSIS = YES;
				CLANG_WARN_STRICT_PROTOTYPES = YES;
				CLANG_WARN_SUSPICIOUS_MOVE = YES;
				CLANG_WARN_UNGUARDED_AVAILABILITY = YES_AGGRESSIVE;
				CLANG_WARN_UNREACHABLE_CODE = YES;
				CLANG_WARN__DUPLICATE_METHOD_MATCH = YES;
				CODE_SIGN_IDENTITY = "iPhone Developer";
				COPY_PHASE_STRIP = NO;
				DEBUG_INFORMATION_FORMAT = "dwarf-with-dsym";
				ENABLE_NS_ASSERTIONS = NO;
				ENABLE_STRICT_OBJC_MSGSEND = YES;
				GCC_C_LANGUAGE_STANDARD = gnu11;
				GCC_NO_COMMON_BLOCKS = YES;
				GCC_WARN_64_TO_32_BIT_CONVERSION = YES;
				GCC_WARN_ABOUT_RETURN_TYPE = YES_ERROR;
				GCC_WARN_UNDECLARED_SELECTOR = YES;
				GCC_WARN_UNINITIALIZED_AUTOS = YES_AGGRESSIVE;
				GCC_WARN_UNUSED_FUNCTION = YES;
				GCC_WARN_UNUSED_VARIABLE = YES;
				IPHONEOS_DEPLOYMENT_TARGET = 12.2;
				MTL_ENABLE_DEBUG_INFO = NO;
				MTL_FAST_MATH = YES;
				SDKROOT = iphoneos;
				SWIFT_COMPILATION_MODE = wholemodule;
				SWIFT_OPTIMIZATION_LEVEL = "-O";
				VALIDATE_PRODUCT = YES;
			};
			name = Release;
		};
		FB7B23D322D5ABC000703CD1 /* Debug */ = {
			isa = XCBuildConfiguration;
			baseConfigurationReference = 9C5A70A1A277B860C0395E90 /* Pods-Change Jar.debug.xcconfig */;
			buildSettings = {
				ASSETCATALOG_COMPILER_APPICON_NAME = AppIcon;
				CODE_SIGN_STYLE = Automatic;
				DEVELOPMENT_TEAM = 4TFKW9MBC8;
				INFOPLIST_FILE = "Change Jar/Info.plist";
				LD_RUNPATH_SEARCH_PATHS = (
					"$(inherited)",
					"@executable_path/Frameworks",
				);
				PRODUCT_BUNDLE_IDENTIFIER = "changejar.ios.Change-Jar";
				PRODUCT_NAME = "$(TARGET_NAME)";
				SWIFT_VERSION = 5.0;
				TARGETED_DEVICE_FAMILY = "1,2";
			};
			name = Debug;
		};
		FB7B23D422D5ABC000703CD1 /* Release */ = {
			isa = XCBuildConfiguration;
			baseConfigurationReference = 69207E3E1FF8D032E22E34BE /* Pods-Change Jar.release.xcconfig */;
			buildSettings = {
				ASSETCATALOG_COMPILER_APPICON_NAME = AppIcon;
				CODE_SIGN_STYLE = Automatic;
				DEVELOPMENT_TEAM = 4TFKW9MBC8;
				INFOPLIST_FILE = "Change Jar/Info.plist";
				LD_RUNPATH_SEARCH_PATHS = (
					"$(inherited)",
					"@executable_path/Frameworks",
				);
				PRODUCT_BUNDLE_IDENTIFIER = "changejar.ios.Change-Jar";
				PRODUCT_NAME = "$(TARGET_NAME)";
				SWIFT_VERSION = 5.0;
				TARGETED_DEVICE_FAMILY = "1,2";
			};
			name = Release;
		};
		FB7B23D622D5ABC000703CD1 /* Debug */ = {
			isa = XCBuildConfiguration;
			baseConfigurationReference = B7D67E2ABC9A0665807B9D51 /* Pods-Change JarTests.debug.xcconfig */;
			buildSettings = {
				ALWAYS_EMBED_SWIFT_STANDARD_LIBRARIES = YES;
				BUNDLE_LOADER = "$(TEST_HOST)";
				CODE_SIGN_STYLE = Automatic;
				DEVELOPMENT_TEAM = 4TFKW9MBC8;
				INFOPLIST_FILE = "Change JarTests/Info.plist";
				LD_RUNPATH_SEARCH_PATHS = (
					"$(inherited)",
					"@executable_path/Frameworks",
					"@loader_path/Frameworks",
				);
				PRODUCT_BUNDLE_IDENTIFIER = "changejar.ios.Change-JarTests";
				PRODUCT_NAME = "$(TARGET_NAME)";
				SWIFT_VERSION = 5.0;
				TARGETED_DEVICE_FAMILY = "1,2";
				TEST_HOST = "$(BUILT_PRODUCTS_DIR)/Change Jar.app/Change Jar";
			};
			name = Debug;
		};
		FB7B23D722D5ABC000703CD1 /* Release */ = {
			isa = XCBuildConfiguration;
			baseConfigurationReference = A38187F08BCB7A23D2FE799F /* Pods-Change JarTests.release.xcconfig */;
			buildSettings = {
				ALWAYS_EMBED_SWIFT_STANDARD_LIBRARIES = YES;
				BUNDLE_LOADER = "$(TEST_HOST)";
				CODE_SIGN_STYLE = Automatic;
				DEVELOPMENT_TEAM = 4TFKW9MBC8;
				INFOPLIST_FILE = "Change JarTests/Info.plist";
				LD_RUNPATH_SEARCH_PATHS = (
					"$(inherited)",
					"@executable_path/Frameworks",
					"@loader_path/Frameworks",
				);
				PRODUCT_BUNDLE_IDENTIFIER = "changejar.ios.Change-JarTests";
				PRODUCT_NAME = "$(TARGET_NAME)";
				SWIFT_VERSION = 5.0;
				TARGETED_DEVICE_FAMILY = "1,2";
				TEST_HOST = "$(BUILT_PRODUCTS_DIR)/Change Jar.app/Change Jar";
			};
			name = Release;
		};
		FB7B23D922D5ABC000703CD1 /* Debug */ = {
			isa = XCBuildConfiguration;
			baseConfigurationReference = 51760D2BE24EDB99CA257A51 /* Pods-Change JarUITests.debug.xcconfig */;
			buildSettings = {
				ALWAYS_EMBED_SWIFT_STANDARD_LIBRARIES = YES;
				CODE_SIGN_STYLE = Automatic;
				DEVELOPMENT_TEAM = 4TFKW9MBC8;
				INFOPLIST_FILE = "Change JarUITests/Info.plist";
				LD_RUNPATH_SEARCH_PATHS = (
					"$(inherited)",
					"@executable_path/Frameworks",
					"@loader_path/Frameworks",
				);
				PRODUCT_BUNDLE_IDENTIFIER = "changejar.ios.Change-JarUITests";
				PRODUCT_NAME = "$(TARGET_NAME)";
				SWIFT_VERSION = 5.0;
				TARGETED_DEVICE_FAMILY = "1,2";
				TEST_TARGET_NAME = "Change Jar";
			};
			name = Debug;
		};
		FB7B23DA22D5ABC000703CD1 /* Release */ = {
			isa = XCBuildConfiguration;
			baseConfigurationReference = 9704E9D53D50A51CE05D196A /* Pods-Change JarUITests.release.xcconfig */;
			buildSettings = {
				ALWAYS_EMBED_SWIFT_STANDARD_LIBRARIES = YES;
				CODE_SIGN_STYLE = Automatic;
				DEVELOPMENT_TEAM = 4TFKW9MBC8;
				INFOPLIST_FILE = "Change JarUITests/Info.plist";
				LD_RUNPATH_SEARCH_PATHS = (
					"$(inherited)",
					"@executable_path/Frameworks",
					"@loader_path/Frameworks",
				);
				PRODUCT_BUNDLE_IDENTIFIER = "changejar.ios.Change-JarUITests";
				PRODUCT_NAME = "$(TARGET_NAME)";
				SWIFT_VERSION = 5.0;
				TARGETED_DEVICE_FAMILY = "1,2";
				TEST_TARGET_NAME = "Change Jar";
			};
			name = Release;
		};
/* End XCBuildConfiguration section */

/* Begin XCConfigurationList section */
		FB7B23A522D5ABBF00703CD1 /* Build configuration list for PBXProject "Change Jar" */ = {
			isa = XCConfigurationList;
			buildConfigurations = (
				FB7B23D022D5ABC000703CD1 /* Debug */,
				FB7B23D122D5ABC000703CD1 /* Release */,
			);
			defaultConfigurationIsVisible = 0;
			defaultConfigurationName = Release;
		};
		FB7B23D222D5ABC000703CD1 /* Build configuration list for PBXNativeTarget "Change Jar" */ = {
			isa = XCConfigurationList;
			buildConfigurations = (
				FB7B23D322D5ABC000703CD1 /* Debug */,
				FB7B23D422D5ABC000703CD1 /* Release */,
			);
			defaultConfigurationIsVisible = 0;
			defaultConfigurationName = Release;
		};
		FB7B23D522D5ABC000703CD1 /* Build configuration list for PBXNativeTarget "Change JarTests" */ = {
			isa = XCConfigurationList;
			buildConfigurations = (
				FB7B23D622D5ABC000703CD1 /* Debug */,
				FB7B23D722D5ABC000703CD1 /* Release */,
			);
			defaultConfigurationIsVisible = 0;
			defaultConfigurationName = Release;
		};
		FB7B23D822D5ABC000703CD1 /* Build configuration list for PBXNativeTarget "Change JarUITests" */ = {
			isa = XCConfigurationList;
			buildConfigurations = (
				FB7B23D922D5ABC000703CD1 /* Debug */,
				FB7B23DA22D5ABC000703CD1 /* Release */,
			);
			defaultConfigurationIsVisible = 0;
			defaultConfigurationName = Release;
		};
/* End XCConfigurationList section */
	};
	rootObject = FB7B23A222D5ABBF00703CD1 /* Project object */;
}
